// !$*UTF8*$!
{
	archiveVersion = 1;
	classes = {
	};
	objectVersion = 46;
	objects = {

/* Begin PBXBuildFile section */
		1886E8BB19E909F600712EDE /* main.m in Sources */ = {isa = PBXBuildFile; fileRef = 1886E8BA19E909F600712EDE /* main.m */; };
		1886E8BE19E909F600712EDE /* AppDelegate.m in Sources */ = {isa = PBXBuildFile; fileRef = 1886E8BD19E909F600712EDE /* AppDelegate.m */; };
		1886E8C119E909F700712EDE /* ViewController.m in Sources */ = {isa = PBXBuildFile; fileRef = 1886E8C019E909F700712EDE /* ViewController.m */; };
		1886E8C419E909F700712EDE /* Main.storyboard in Resources */ = {isa = PBXBuildFile; fileRef = 1886E8C219E909F700712EDE /* Main.storyboard */; };
		1886E8C619E909F700712EDE /* Images.xcassets in Resources */ = {isa = PBXBuildFile; fileRef = 1886E8C519E909F700712EDE /* Images.xcassets */; };
		1886E8C919E909F700712EDE /* LaunchScreen.xib in Resources */ = {isa = PBXBuildFile; fileRef = 1886E8C719E909F700712EDE /* LaunchScreen.xib */; };
		1886E8D519E909F700712EDE /* dafcTests.m in Sources */ = {isa = PBXBuildFile; fileRef = 1886E8D419E909F700712EDE /* dafcTests.m */; };
		1886E8E619F0C41F00712EDE /* LoginAction.m in Sources */ = {isa = PBXBuildFile; fileRef = 1886E8E519F0C41F00712EDE /* LoginAction.m */; };
		1886E8EA19F5FCA500712EDE /* HttpHandler.m in Sources */ = {isa = PBXBuildFile; fileRef = 1886E8E919F5FCA500712EDE /* HttpHandler.m */; };
/* End PBXBuildFile section */

/* Begin PBXContainerItemProxy section */
		1886E8CF19E909F700712EDE /* PBXContainerItemProxy */ = {
			isa = PBXContainerItemProxy;
			containerPortal = 1886E8AD19E909F600712EDE /* Project object */;
			proxyType = 1;
			remoteGlobalIDString = 1886E8B419E909F600712EDE;
			remoteInfo = dafc;
		};
/* End PBXContainerItemProxy section */

/* Begin PBXFileReference section */
		1886E8B519E909F600712EDE /* dafc.app */ = {isa = PBXFileReference; explicitFileType = wrapper.application; includeInIndex = 0; path = dafc.app; sourceTree = BUILT_PRODUCTS_DIR; };
		1886E8B919E909F600712EDE /* Info.plist */ = {isa = PBXFileReference; lastKnownFileType = text.plist.xml; path = Info.plist; sourceTree = "<group>"; };
		1886E8BA19E909F600712EDE /* main.m */ = {isa = PBXFileReference; lastKnownFileType = sourcecode.c.objc; path = main.m; sourceTree = "<group>"; };
		1886E8BC19E909F600712EDE /* AppDelegate.h */ = {isa = PBXFileReference; lastKnownFileType = sourcecode.c.h; path = AppDelegate.h; sourceTree = "<group>"; };
		1886E8BD19E909F600712EDE /* AppDelegate.m */ = {isa = PBXFileReference; lastKnownFileType = sourcecode.c.objc; path = AppDelegate.m; sourceTree = "<group>"; };
		1886E8BF19E909F700712EDE /* ViewController.h */ = {isa = PBXFileReference; lastKnownFileType = sourcecode.c.h; path = ViewController.h; sourceTree = "<group>"; };
		1886E8C019E909F700712EDE /* ViewController.m */ = {isa = PBXFileReference; lastKnownFileType = sourcecode.c.objc; path = ViewController.m; sourceTree = "<group>"; };
		1886E8C319E909F700712EDE /* Base */ = {isa = PBXFileReference; lastKnownFileType = file.storyboard; name = Base; path = Base.lproj/Main.storyboard; sourceTree = "<group>"; };
		1886E8C519E909F700712EDE /* Images.xcassets */ = {isa = PBXFileReference; lastKnownFileType = folder.assetcatalog; path = Images.xcassets; sourceTree = "<group>"; };
		1886E8C819E909F700712EDE /* Base */ = {isa = PBXFileReference; lastKnownFileType = file.xib; name = Base; path = Base.lproj/LaunchScreen.xib; sourceTree = "<group>"; };
		1886E8CE19E909F700712EDE /* dafcTests.xctest */ = {isa = PBXFileReference; explicitFileType = wrapper.cfbundle; includeInIndex = 0; path = dafcTests.xctest; sourceTree = BUILT_PRODUCTS_DIR; };
		1886E8D319E909F700712EDE /* Info.plist */ = {isa = PBXFileReference; lastKnownFileType = text.plist.xml; path = Info.plist; sourceTree = "<group>"; };
		1886E8D419E909F700712EDE /* dafcTests.m */ = {isa = PBXFileReference; lastKnownFileType = sourcecode.c.objc; path = dafcTests.m; sourceTree = "<group>"; };
		1886E8E419F0C41E00712EDE /* LoginAction.h */ = {isa = PBXFileReference; fileEncoding = 4; lastKnownFileType = sourcecode.c.h; path = LoginAction.h; sourceTree = "<group>"; };
		1886E8E519F0C41F00712EDE /* LoginAction.m */ = {isa = PBXFileReference; fileEncoding = 4; lastKnownFileType = sourcecode.c.objc; path = LoginAction.m; sourceTree = "<group>"; };
		1886E8E819F5FCA500712EDE /* HttpHandler.h */ = {isa = PBXFileReference; fileEncoding = 4; lastKnownFileType = sourcecode.c.h; path = HttpHandler.h; sourceTree = "<group>"; };
		1886E8E919F5FCA500712EDE /* HttpHandler.m */ = {isa = PBXFileReference; fileEncoding = 4; lastKnownFileType = sourcecode.c.objc; path = HttpHandler.m; sourceTree = "<group>"; };
/* End PBXFileReference section */

/* Begin PBXFrameworksBuildPhase section */
		1886E8B219E909F600712EDE /* Frameworks */ = {
			isa = PBXFrameworksBuildPhase;
			buildActionMask = 2147483647;
			files = (
			);
			runOnlyForDeploymentPostprocessing = 0;
		};
		1886E8CB19E909F700712EDE /* Frameworks */ = {
			isa = PBXFrameworksBuildPhase;
			buildActionMask = 2147483647;
			files = (
			);
			runOnlyForDeploymentPostprocessing = 0;
		};
/* End PBXFrameworksBuildPhase section */

/* Begin PBXGroup section */
		1886E8AC19E909F600712EDE = {
			isa = PBXGroup;
			children = (
				1886E8B719E909F600712EDE /* dafc */,
				1886E8D119E909F700712EDE /* dafcTests */,
				1886E8B619E909F600712EDE /* Products */,
			);
			sourceTree = "<group>";
		};
		1886E8B619E909F600712EDE /* Products */ = {
			isa = PBXGroup;
			children = (
				1886E8B519E909F600712EDE /* dafc.app */,
				1886E8CE19E909F700712EDE /* dafcTests.xctest */,
			);
			name = Products;
			sourceTree = "<group>";
		};
		1886E8B719E909F600712EDE /* dafc */ = {
			isa = PBXGroup;
			children = (
				1886E8E719F5FC6000712EDE /* base */,
				1886E8E119F0C3CB00712EDE /* action */,
				1886E8BC19E909F600712EDE /* AppDelegate.h */,
				1886E8BD19E909F600712EDE /* AppDelegate.m */,
				1886E8BF19E909F700712EDE /* ViewController.h */,
				1886E8C019E909F700712EDE /* ViewController.m */,
				1886E8C219E909F700712EDE /* Main.storyboard */,
				1886E8C519E909F700712EDE /* Images.xcassets */,
				1886E8C719E909F700712EDE /* LaunchScreen.xib */,
				1886E8B819E909F600712EDE /* Supporting Files */,
			);
			path = dafc;
			sourceTree = "<group>";
		};
		1886E8B819E909F600712EDE /* Supporting Files */ = {
			isa = PBXGroup;
			children = (
				1886E8B919E909F600712EDE /* Info.plist */,
				1886E8BA19E909F600712EDE /* main.m */,
			);
			name = "Supporting Files";
			sourceTree = "<group>";
		};
		1886E8D119E909F700712EDE /* dafcTests */ = {
			isa = PBXGroup;
			children = (
				1886E8D419E909F700712EDE /* dafcTests.m */,
				1886E8D219E909F700712EDE /* Supporting Files */,
			);
			path = dafcTests;
			sourceTree = "<group>";
		};
		1886E8D219E909F700712EDE /* Supporting Files */ = {
			isa = PBXGroup;
			children = (
				1886E8D319E909F700712EDE /* Info.plist */,
			);
			name = "Supporting Files";
			sourceTree = "<group>";
		};
		1886E8E119F0C3CB00712EDE /* action */ = {
			isa = PBXGroup;
			children = (
				1886E8E419F0C41E00712EDE /* LoginAction.h */,
				1886E8E519F0C41F00712EDE /* LoginAction.m */,
			);
			path = action;
			sourceTree = "<group>";
		};
		1886E8E719F5FC6000712EDE /* base */ = {
			isa = PBXGroup;
			children = (
				1886E8E819F5FCA500712EDE /* HttpHandler.h */,
				1886E8E919F5FCA500712EDE /* HttpHandler.m */,
			);
			path = base;
			sourceTree = "<group>";
		};
/* End PBXGroup section */

/* Begin PBXNativeTarget section */
		1886E8B419E909F600712EDE /* dafc */ = {
			isa = PBXNativeTarget;
			buildConfigurationList = 1886E8D819E909F700712EDE /* Build configuration list for PBXNativeTarget "dafc" */;
			buildPhases = (
				1886E8B119E909F600712EDE /* Sources */,
				1886E8B219E909F600712EDE /* Frameworks */,
				1886E8B319E909F600712EDE /* Resources */,
			);
			buildRules = (
			);
			dependencies = (
			);
			name = dafc;
			productName = dafc;
			productReference = 1886E8B519E909F600712EDE /* dafc.app */;
			productType = "com.apple.product-type.application";
		};
		1886E8CD19E909F700712EDE /* dafcTests */ = {
			isa = PBXNativeTarget;
			buildConfigurationList = 1886E8DB19E909F700712EDE /* Build configuration list for PBXNativeTarget "dafcTests" */;
			buildPhases = (
				1886E8CA19E909F700712EDE /* Sources */,
				1886E8CB19E909F700712EDE /* Frameworks */,
				1886E8CC19E909F700712EDE /* Resources */,
			);
			buildRules = (
			);
			dependencies = (
				1886E8D019E909F700712EDE /* PBXTargetDependency */,
			);
			name = dafcTests;
			productName = dafcTests;
			productReference = 1886E8CE19E909F700712EDE /* dafcTests.xctest */;
			productType = "com.apple.product-type.bundle.unit-test";
		};
/* End PBXNativeTarget section */

/* Begin PBXProject section */
		1886E8AD19E909F600712EDE /* Project object */ = {
			isa = PBXProject;
			attributes = {
				LastUpgradeCheck = 0600;
				ORGANIZATIONNAME = dascom;
				TargetAttributes = {
					1886E8B419E909F600712EDE = {
						CreatedOnToolsVersion = 6.0.1;
					};
					1886E8CD19E909F700712EDE = {
						CreatedOnToolsVersion = 6.0.1;
						TestTargetID = 1886E8B419E909F600712EDE;
					};
				};
			};
			buildConfigurationList = 1886E8B019E909F600712EDE /* Build configuration list for PBXProject "dafc" */;
			compatibilityVersion = "Xcode 3.2";
			developmentRegion = English;
			hasScannedForEncodings = 0;
			knownRegions = (
				en,
				Base,
			);
			mainGroup = 1886E8AC19E909F600712EDE;
			productRefGroup = 1886E8B619E909F600712EDE /* Products */;
			projectDirPath = "";
			projectRoot = "";
			targets = (
				1886E8B419E909F600712EDE /* dafc */,
				1886E8CD19E909F700712EDE /* dafcTests */,
			);
		};
/* End PBXProject section */

/* Begin PBXResourcesBuildPhase section */
		1886E8B319E909F600712EDE /* Resources */ = {
			isa = PBXResourcesBuildPhase;
			buildActionMask = 2147483647;
			files = (
				1886E8C419E909F700712EDE /* Main.storyboard in Resources */,
				1886E8C919E909F700712EDE /* LaunchScreen.xib in Resources */,
				1886E8C619E909F700712EDE /* Images.xcassets in Resources */,
			);
			runOnlyForDeploymentPostprocessing = 0;
		};
		1886E8CC19E909F700712EDE /* Resources */ = {
			isa = PBXResourcesBuildPhase;
			buildActionMask = 2147483647;
			files = (
			);
			runOnlyForDeploymentPostprocessing = 0;
		};
/* End PBXResourcesBuildPhase section */

/* Begin PBXSourcesBuildPhase section */
		1886E8B119E909F600712EDE /* Sources */ = {
			isa = PBXSourcesBuildPhase;
			buildActionMask = 2147483647;
			files = (
				1886E8C119E909F700712EDE /* ViewController.m in Sources */,
				1886E8BE19E909F600712EDE /* AppDelegate.m in Sources */,
				1886E8BB19E909F600712EDE /* main.m in Sources */,
				1886E8E619F0C41F00712EDE /* LoginAction.m in Sources */,
				1886E8EA19F5FCA500712EDE /* HttpHandler.m in Sources */,
			);
			runOnlyForDeploymentPostprocessing = 0;
		};
		1886E8CA19E909F700712EDE /* Sources */ = {
			isa = PBXSourcesBuildPhase;
			buildActionMask = 2147483647;
			files = (
				1886E8D519E909F700712EDE /* dafcTests.m in Sources */,
			);
			runOnlyForDeploymentPostprocessing = 0;
		};
/* End PBXSourcesBuildPhase section */

/* Begin PBXTargetDependency section */
		1886E8D019E909F700712EDE /* PBXTargetDependency */ = {
			isa = PBXTargetDependency;
			target = 1886E8B419E909F600712EDE /* dafc */;
			targetProxy = 1886E8CF19E909F700712EDE /* PBXContainerItemProxy */;
		};
/* End PBXTargetDependency section */

/* Begin PBXVariantGroup section */
		1886E8C219E909F700712EDE /* Main.storyboard */ = {
			isa = PBXVariantGroup;
			children = (
				1886E8C319E909F700712EDE /* Base */,
			);
			name = Main.storyboard;
			sourceTree = "<group>";
		};
		1886E8C719E909F700712EDE /* LaunchScreen.xib */ = {
			isa = PBXVariantGroup;
			children = (
				1886E8C819E909F700712EDE /* Base */,
			);
			name = LaunchScreen.xib;
			sourceTree = "<group>";
		};
/* End PBXVariantGroup section */

/* Begin XCBuildConfiguration section */
		1886E8D619E909F700712EDE /* Debug */ = {
			isa = XCBuildConfiguration;
			buildSettings = {
				ALWAYS_SEARCH_USER_PATHS = NO;
				CLANG_CXX_LANGUAGE_STANDARD = "gnu++0x";
				CLANG_CXX_LIBRARY = "libc++";
				CLANG_ENABLE_MODULES = YES;
				CLANG_ENABLE_OBJC_ARC = YES;
				CLANG_WARN_BOOL_CONVERSION = YES;
				CLANG_WARN_CONSTANT_CONVERSION = YES;
				CLANG_WARN_DIRECT_OBJC_ISA_USAGE = YES_ERROR;
				CLANG_WARN_EMPTY_BODY = YES;
				CLANG_WARN_ENUM_CONVERSION = YES;
				CLANG_WARN_INT_CONVERSION = YES;
				CLANG_WARN_OBJC_ROOT_CLASS = YES_ERROR;
				CLANG_WARN_UNREACHABLE_CODE = YES;
				CLANG_WARN__DUPLICATE_METHOD_MATCH = YES;
				"CODE_SIGN_IDENTITY[sdk=iphoneos*]" = "iPhone Developer";
				COPY_PHASE_STRIP = NO;
				ENABLE_STRICT_OBJC_MSGSEND = YES;
				GCC_C_LANGUAGE_STANDARD = gnu99;
				GCC_DYNAMIC_NO_PIC = NO;
				GCC_OPTIMIZATION_LEVEL = 0;
				GCC_PREPROCESSOR_DEFINITIONS = (
					"DEBUG=1",
					"$(inherited)",
				);
				GCC_SYMBOLS_PRIVATE_EXTERN = NO;
				GCC_WARN_64_TO_32_BIT_CONVERSION = YES;
				GCC_WARN_ABOUT_RETURN_TYPE = YES_ERROR;
				GCC_WARN_UNDECLARED_SELECTOR = YES;
				GCC_WARN_UNINITIALIZED_AUTOS = YES_AGGRESSIVE;
				GCC_WARN_UNUSED_FUNCTION = YES;
				GCC_WARN_UNUSED_VARIABLE = YES;
				IPHONEOS_DEPLOYMENT_TARGET = 8.0;
				MTL_ENABLE_DEBUG_INFO = YES;
				ONLY_ACTIVE_ARCH = YES;
				SDKROOT = iphoneos;
				TARGETED_DEVICE_FAMILY = "1,2";
			};
			name = Debug;
		};
		1886E8D719E909F700712EDE /* Release */ = {
			isa = XCBuildConfiguration;
			buildSettings = {
				ALWAYS_SEARCH_USER_PATHS = NO;
				CLANG_CXX_LANGUAGE_STANDARD = "gnu++0x";
				CLANG_CXX_LIBRARY = "libc++";
				CLANG_ENABLE_MODULES = YES;
				CLANG_ENABLE_OBJC_ARC = YES;
				CLANG_WARN_BOOL_CONVERSION = YES;
				CLANG_WARN_CONSTANT_CONVERSION = YES;
				CLANG_WARN_DIRECT_OBJC_ISA_USAGE = YES_ERROR;
				CLANG_WARN_EMPTY_BODY = YES;
				CLANG_WARN_ENUM_CONVERSION = YES;
				CLANG_WARN_INT_CONVERSION = YES;
				CLANG_WARN_OBJC_ROOT_CLASS = YES_ERROR;
				CLANG_WARN_UNREACHABLE_CODE = YES;
				CLANG_WARN__DUPLICATE_METHOD_MATCH = YES;
				"CODE_SIGN_IDENTITY[sdk=iphoneos*]" = "iPhone Developer";
				COPY_PHASE_STRIP = YES;
				ENABLE_NS_ASSERTIONS = NO;
				ENABLE_STRICT_OBJC_MSGSEND = YES;
				GCC_C_LANGUAGE_STANDARD = gnu99;
				GCC_WARN_64_TO_32_BIT_CONVERSION = YES;
				GCC_WARN_ABOUT_RETURN_TYPE = YES_ERROR;
				GCC_WARN_UNDECLARED_SELECTOR = YES;
				GCC_WARN_UNINITIALIZED_AUTOS = YES_AGGRESSIVE;
				GCC_WARN_UNUSED_FUNCTION = YES;
				GCC_WARN_UNUSED_VARIABLE = YES;
				IPHONEOS_DEPLOYMENT_TARGET = 8.0;
				MTL_ENABLE_DEBUG_INFO = NO;
				SDKROOT = iphoneos;
				TARGETED_DEVICE_FAMILY = "1,2";
				VALIDATE_PRODUCT = YES;
			};
			name = Release;
		};
		1886E8D919E909F700712EDE /* Debug */ = {
			isa = XCBuildConfiguration;
			buildSettings = {
				ASSETCATALOG_COMPILER_APPICON_NAME = AppIcon;
				INFOPLIST_FILE = dafc/Info.plist;
				LD_RUNPATH_SEARCH_PATHS = "$(inherited) @executable_path/Frameworks";
				PRODUCT_NAME = "$(TARGET_NAME)";
			};
			name = Debug;
		};
		1886E8DA19E909F700712EDE /* Release */ = {
			isa = XCBuildConfiguration;
			buildSettings = {
				ASSETCATALOG_COMPILER_APPICON_NAME = AppIcon;
				INFOPLIST_FILE = dafc/Info.plist;
				LD_RUNPATH_SEARCH_PATHS = "$(inherited) @executable_path/Frameworks";
				PRODUCT_NAME = "$(TARGET_NAME)";
			};
			name = Release;
		};
		1886E8DC19E909F700712EDE /* Debug */ = {
			isa = XCBuildConfiguration;
			buildSettings = {
				BUNDLE_LOADER = "$(TEST_HOST)";
				FRAMEWORK_SEARCH_PATHS = (
					"$(SDKROOT)/Developer/Library/Frameworks",
					"$(inherited)",
				);
				GCC_PREPROCESSOR_DEFINITIONS = (
					"DEBUG=1",
					"$(inherited)",
				);
				INFOPLIST_FILE = dafcTests/Info.plist;
				LD_RUNPATH_SEARCH_PATHS = "$(inherited) @executable_path/Frameworks @loader_path/Frameworks";
				PRODUCT_NAME = "$(TARGET_NAME)";
				TEST_HOST = "$(BUILT_PRODUCTS_DIR)/dafc.app/dafc";
			};
			name = Debug;
		};
		1886E8DD19E909F700712EDE /* Release */ = {
			isa = XCBuildConfiguration;
			buildSettings = {
				BUNDLE_LOADER = "$(TEST_HOST)";
				FRAMEWORK_SEARCH_PATHS = (
					"$(SDKROOT)/Developer/Library/Frameworks",
					"$(inherited)",
				);
				INFOPLIST_FILE = dafcTests/Info.plist;
				LD_RUNPATH_SEARCH_PATHS = "$(inherited) @executable_path/Frameworks @loader_path/Frameworks";
				PRODUCT_NAME = "$(TARGET_NAME)";
				TEST_HOST = "$(BUILT_PRODUCTS_DIR)/dafc.app/dafc";
			};
			name = Release;
		};
/* End XCBuildConfiguration section */

/* Begin XCConfigurationList section */
		1886E8B019E909F600712EDE /* Build configuration list for PBXProject "dafc" */ = {
			isa = XCConfigurationList;
			buildConfigurations = (
				1886E8D619E909F700712EDE /* Debug */,
				1886E8D719E909F700712EDE /* Release */,
			);
			defaultConfigurationIsVisible = 0;
			defaultConfigurationName = Release;
		};
		1886E8D819E909F700712EDE /* Build configuration list for PBXNativeTarget "dafc" */ = {
			isa = XCConfigurationList;
			buildConfigurations = (
				1886E8D919E909F700712EDE /* Debug */,
				1886E8DA19E909F700712EDE /* Release */,
			);
			defaultConfigurationIsVisible = 0;
		};
		1886E8DB19E909F700712EDE /* Build configuration list for PBXNativeTarget "dafcTests" */ = {
			isa = XCConfigurationList;
			buildConfigurations = (
				1886E8DC19E909F700712EDE /* Debug */,
				1886E8DD19E909F700712EDE /* Release */,
			);
			defaultConfigurationIsVisible = 0;
		};
/* End XCConfigurationList section */
	};
	rootObject = 1886E8AD19E909F600712EDE /* Project object */;
}
